
Microsoft Visual Studio Solution File, Format Version 12.00
# Visual Studio Version 17
VisualStudioVersion = 17.10.35004.147
MinimumVisualStudioVersion = 10.0.40219.1
Project("{9A19103F-16F7-4668-BE54-9A1E7A4F7556}") = "BlazorApp1", "BlazorApp1\BlazorApp1.csproj", "{03D8BE12-DD5E-404D-9188-375E82E0D549}"
EndProject
Project("{9A19103F-16F7-4668-BE54-9A1E7A4F7556}") = "BlazorApp2", "BlazorApp2\BlazorApp2.csproj", "{6532A849-9D82-4777-BB93-A124835BA602}"
EndProject
Global
	GlobalSection(SolutionConfigurationPlatforms) = preSolution
		Debug|Any CPU = Debug|Any CPU
		Release|Any CPU = Release|Any CPU
	EndGlobalSection
	GlobalSection(ProjectConfigurationPlatforms) = postSolution
		{03D8BE12-DD5E-404D-9188-375E82E0D549}.Debug|Any CPU.ActiveCfg = Debug|Any CPU
		{03D8BE12-DD5E-404D-9188-375E82E0D549}.Debug|Any CPU.Build.0 = Debug|Any CPU
		{03D8BE12-DD5E-404D-9188-375E82E0D549}.Release|Any CPU.ActiveCfg = Release|Any CPU
		{03D8BE12-DD5E-404D-9188-375E82E0D549}.Release|Any CPU.Build.0 = Release|Any CPU
		{6532A849-9D82-4777-BB93-A124835BA602}.Debug|Any CPU.ActiveCfg = Debug|Any CPU
		{6532A849-9D82-4777-BB93-A124835BA602}.Debug|Any CPU.Build.0 = Debug|Any CPU
		{6532A849-9D82-4777-BB93-A124835BA602}.Release|Any CPU.ActiveCfg = Release|Any CPU
		{6532A849-9D82-4777-BB93-A124835BA602}.Release|Any CPU.Build.0 = Release|Any CPU
	EndGlobalSection
	GlobalSection(SolutionProperties) = preSolution
		HideSolutionNode = FALSE
	EndGlobalSection
	GlobalSection(ExtensibilityGlobals) = postSolution
		SolutionGuid = {61960348-2150-4EFF-BF1A-EF4FB16EA0EF}
	EndGlobalSection
EndGlobal
